
Microsoft Visual Studio Solution File, Format Version 12.00
Project("{FAE04EC0-301F-11D3-BF4B-00C04F79EFBC}") = "AutoEquip", "AutoEquip\AutoEquip.csproj", "{EEB3A8B5-3826-4D44-A98F-6912F288B928}"
EndProject
Global
	GlobalSection(SolutionConfigurationPlatforms) = preSolution
		Debug|Any CPU = Debug|Any CPU
		Release|Any CPU = Release|Any CPU
	EndGlobalSection
	GlobalSection(ProjectConfigurationPlatforms) = postSolution
		{EEB3A8B5-3826-4D44-A98F-6912F288B928}.Debug|Any CPU.ActiveCfg = Debug|Any CPU
		{EEB3A8B5-3826-4D44-A98F-6912F288B928}.Debug|Any CPU.Build.0 = Debug|Any CPU
		{EEB3A8B5-3826-4D44-A98F-6912F288B928}.Release|Any CPU.ActiveCfg = Release|Any CPU
		{EEB3A8B5-3826-4D44-A98F-6912F288B928}.Release|Any CPU.Build.0 = Release|Any CPU
	EndGlobalSection
EndGlobal
